// !$*UTF8*$!
{
	archiveVersion = 1;
	classes = {
	};
	objectVersion = 46;
	objects = {

/* Begin PBXBuildFile section */
		2ACBBB2A1854166A0049A6B8 /* Foundation.framework in Frameworks */ = {isa = PBXBuildFile; fileRef = 2ACBBB291854166A0049A6B8 /* Foundation.framework */; };
		2ACBBB2C1854166A0049A6B8 /* CoreGraphics.framework in Frameworks */ = {isa = PBXBuildFile; fileRef = 2ACBBB2B1854166A0049A6B8 /* CoreGraphics.framework */; };
		2ACBBB2E1854166A0049A6B8 /* UIKit.framework in Frameworks */ = {isa = PBXBuildFile; fileRef = 2ACBBB2D1854166A0049A6B8 /* UIKit.framework */; };
		2ACBBB341854166A0049A6B8 /* InfoPlist.strings in Resources */ = {isa = PBXBuildFile; fileRef = 2ACBBB321854166A0049A6B8 /* InfoPlist.strings */; };
		2ACBBB361854166A0049A6B8 /* main.m in Sources */ = {isa = PBXBuildFile; fileRef = 2ACBBB351854166A0049A6B8 /* main.m */; };
		2ACBBB3A1854166A0049A6B8 /* AppDelegate.m in Sources */ = {isa = PBXBuildFile; fileRef = 2ACBBB391854166A0049A6B8 /* AppDelegate.m */; };
		2ACBBB3D1854166A0049A6B8 /* Main.storyboard in Resources */ = {isa = PBXBuildFile; fileRef = 2ACBBB3B1854166A0049A6B8 /* Main.storyboard */; };
		2ACBBB401854166A0049A6B8 /* ViewController.m in Sources */ = {isa = PBXBuildFile; fileRef = 2ACBBB3F1854166A0049A6B8 /* ViewController.m */; };
		2ACBBB421854166A0049A6B8 /* Images.xcassets in Resources */ = {isa = PBXBuildFile; fileRef = 2ACBBB411854166A0049A6B8 /* Images.xcassets */; };
		2ACBBB491854166A0049A6B8 /* XCTest.framework in Frameworks */ = {isa = PBXBuildFile; fileRef = 2ACBBB481854166A0049A6B8 /* XCTest.framework */; };
		2ACBBB4A1854166A0049A6B8 /* Foundation.framework in Frameworks */ = {isa = PBXBuildFile; fileRef = 2ACBBB291854166A0049A6B8 /* Foundation.framework */; };
		2ACBBB4B1854166A0049A6B8 /* UIKit.framework in Frameworks */ = {isa = PBXBuildFile; fileRef = 2ACBBB2D1854166A0049A6B8 /* UIKit.framework */; };
		2ACBBB531854166A0049A6B8 /* InfoPlist.strings in Resources */ = {isa = PBXBuildFile; fileRef = 2ACBBB511854166A0049A6B8 /* InfoPlist.strings */; };
		2ACBBB551854166A0049A6B8 /* novelTests.m in Sources */ = {isa = PBXBuildFile; fileRef = 2ACBBB541854166A0049A6B8 /* novelTests.m */; };
/* End PBXBuildFile section */

/* Begin PBXContainerItemProxy section */
		2ACBBB4C1854166A0049A6B8 /* PBXContainerItemProxy */ = {
			isa = PBXContainerItemProxy;
			containerPortal = 2ACBBB1E1854166A0049A6B8 /* Project object */;
			proxyType = 1;
			remoteGlobalIDString = 2ACBBB251854166A0049A6B8;
			remoteInfo = novel;
		};
/* End PBXContainerItemProxy section */

/* Begin PBXFileReference section */
		2ACBBB261854166A0049A6B8 /* novel.app */ = {isa = PBXFileReference; explicitFileType = wrapper.application; includeInIndex = 0; path = novel.app; sourceTree = BUILT_PRODUCTS_DIR; };
		2ACBBB291854166A0049A6B8 /* Foundation.framework */ = {isa = PBXFileReference; lastKnownFileType = wrapper.framework; name = Foundation.framework; path = System/Library/Frameworks/Foundation.framework; sourceTree = SDKROOT; };
		2ACBBB2B1854166A0049A6B8 /* CoreGraphics.framework */ = {isa = PBXFileReference; lastKnownFileType = wrapper.framework; name = CoreGraphics.framework; path = System/Library/Frameworks/CoreGraphics.framework; sourceTree = SDKROOT; };
		2ACBBB2D1854166A0049A6B8 /* UIKit.framework */ = {isa = PBXFileReference; lastKnownFileType = wrapper.framework; name = UIKit.framework; path = System/Library/Frameworks/UIKit.framework; sourceTree = SDKROOT; };
		2ACBBB311854166A0049A6B8 /* novel-Info.plist */ = {isa = PBXFileReference; lastKnownFileType = text.plist.xml; path = "novel-Info.plist"; sourceTree = "<group>"; };
		2ACBBB331854166A0049A6B8 /* en */ = {isa = PBXFileReference; lastKnownFileType = text.plist.strings; name = en; path = en.lproj/InfoPlist.strings; sourceTree = "<group>"; };
		2ACBBB351854166A0049A6B8 /* main.m */ = {isa = PBXFileReference; lastKnownFileType = sourcecode.c.objc; path = main.m; sourceTree = "<group>"; };
		2ACBBB371854166A0049A6B8 /* novel-Prefix.pch */ = {isa = PBXFileReference; lastKnownFileType = sourcecode.c.h; path = "novel-Prefix.pch"; sourceTree = "<group>"; };
		2ACBBB381854166A0049A6B8 /* AppDelegate.h */ = {isa = PBXFileReference; lastKnownFileType = sourcecode.c.h; path = AppDelegate.h; sourceTree = "<group>"; };
		2ACBBB391854166A0049A6B8 /* AppDelegate.m */ = {isa = PBXFileReference; lastKnownFileType = sourcecode.c.objc; path = AppDelegate.m; sourceTree = "<group>"; };
		2ACBBB3C1854166A0049A6B8 /* Base */ = {isa = PBXFileReference; lastKnownFileType = file.storyboard; name = Base; path = Base.lproj/Main.storyboard; sourceTree = "<group>"; };
		2ACBBB3E1854166A0049A6B8 /* ViewController.h */ = {isa = PBXFileReference; lastKnownFileType = sourcecode.c.h; path = ViewController.h; sourceTree = "<group>"; };
		2ACBBB3F1854166A0049A6B8 /* ViewController.m */ = {isa = PBXFileReference; lastKnownFileType = sourcecode.c.objc; path = ViewController.m; sourceTree = "<group>"; };
		2ACBBB411854166A0049A6B8 /* Images.xcassets */ = {isa = PBXFileReference; lastKnownFileType = folder.assetcatalog; path = Images.xcassets; sourceTree = "<group>"; };
		2ACBBB471854166A0049A6B8 /* novelTests.xctest */ = {isa = PBXFileReference; explicitFileType = wrapper.cfbundle; includeInIndex = 0; path = novelTests.xctest; sourceTree = BUILT_PRODUCTS_DIR; };
		2ACBBB481854166A0049A6B8 /* XCTest.framework */ = {isa = PBXFileReference; lastKnownFileType = wrapper.framework; name = XCTest.framework; path = Library/Frameworks/XCTest.framework; sourceTree = DEVELOPER_DIR; };
		2ACBBB501854166A0049A6B8 /* novelTests-Info.plist */ = {isa = PBXFileReference; lastKnownFileType = text.plist.xml; path = "novelTests-Info.plist"; sourceTree = "<group>"; };
		2ACBBB521854166A0049A6B8 /* en */ = {isa = PBXFileReference; lastKnownFileType = text.plist.strings; name = en; path = en.lproj/InfoPlist.strings; sourceTree = "<group>"; };
		2ACBBB541854166A0049A6B8 /* novelTests.m */ = {isa = PBXFileReference; lastKnownFileType = sourcecode.c.objc; path = novelTests.m; sourceTree = "<group>"; };
/* End PBXFileReference section */

/* Begin PBXFrameworksBuildPhase section */
		2ACBBB231854166A0049A6B8 /* Frameworks */ = {
			isa = PBXFrameworksBuildPhase;
			buildActionMask = 2147483647;
			files = (
				2ACBBB2C1854166A0049A6B8 /* CoreGraphics.framework in Frameworks */,
				2ACBBB2E1854166A0049A6B8 /* UIKit.framework in Frameworks */,
				2ACBBB2A1854166A0049A6B8 /* Foundation.framework in Frameworks */,
			);
			runOnlyForDeploymentPostprocessing = 0;
		};
		2ACBBB441854166A0049A6B8 /* Frameworks */ = {
			isa = PBXFrameworksBuildPhase;
			buildActionMask = 2147483647;
			files = (
				2ACBBB491854166A0049A6B8 /* XCTest.framework in Frameworks */,
				2ACBBB4B1854166A0049A6B8 /* UIKit.framework in Frameworks */,
				2ACBBB4A1854166A0049A6B8 /* Foundation.framework in Frameworks */,
			);
			runOnlyForDeploymentPostprocessing = 0;
		};
/* End PBXFrameworksBuildPhase section */

/* Begin PBXGroup section */
		2ACBBB1D1854166A0049A6B8 = {
			isa = PBXGroup;
			children = (
				2ACBBB2F1854166A0049A6B8 /* novel */,
				2ACBBB4E1854166A0049A6B8 /* novelTests */,
				2ACBBB281854166A0049A6B8 /* Frameworks */,
				2ACBBB271854166A0049A6B8 /* Products */,
			);
			sourceTree = "<group>";
		};
		2ACBBB271854166A0049A6B8 /* Products */ = {
			isa = PBXGroup;
			children = (
				2ACBBB261854166A0049A6B8 /* novel.app */,
				2ACBBB471854166A0049A6B8 /* novelTests.xctest */,
			);
			name = Products;
			sourceTree = "<group>";
		};
		2ACBBB281854166A0049A6B8 /* Frameworks */ = {
			isa = PBXGroup;
			children = (
				2ACBBB291854166A0049A6B8 /* Foundation.framework */,
				2ACBBB2B1854166A0049A6B8 /* CoreGraphics.framework */,
				2ACBBB2D1854166A0049A6B8 /* UIKit.framework */,
				2ACBBB481854166A0049A6B8 /* XCTest.framework */,
			);
			name = Frameworks;
			sourceTree = "<group>";
		};
		2ACBBB2F1854166A0049A6B8 /* novel */ = {
			isa = PBXGroup;
			children = (
				2ACBBB381854166A0049A6B8 /* AppDelegate.h */,
				2ACBBB391854166A0049A6B8 /* AppDelegate.m */,
				2ACBBB3B1854166A0049A6B8 /* Main.storyboard */,
				2ACBBB3E1854166A0049A6B8 /* ViewController.h */,
				2ACBBB3F1854166A0049A6B8 /* ViewController.m */,
				2ACBBB411854166A0049A6B8 /* Images.xcassets */,
				2ACBBB301854166A0049A6B8 /* Supporting Files */,
			);
			path = novel;
			sourceTree = "<group>";
		};
		2ACBBB301854166A0049A6B8 /* Supporting Files */ = {
			isa = PBXGroup;
			children = (
				2ACBBB311854166A0049A6B8 /* novel-Info.plist */,
				2ACBBB321854166A0049A6B8 /* InfoPlist.strings */,
				2ACBBB351854166A0049A6B8 /* main.m */,
				2ACBBB371854166A0049A6B8 /* novel-Prefix.pch */,
			);
			name = "Supporting Files";
			sourceTree = "<group>";
		};
		2ACBBB4E1854166A0049A6B8 /* novelTests */ = {
			isa = PBXGroup;
			children = (
				2ACBBB541854166A0049A6B8 /* novelTests.m */,
				2ACBBB4F1854166A0049A6B8 /* Supporting Files */,
			);
			path = novelTests;
			sourceTree = "<group>";
		};
		2ACBBB4F1854166A0049A6B8 /* Supporting Files */ = {
			isa = PBXGroup;
			children = (
				2ACBBB501854166A0049A6B8 /* novelTests-Info.plist */,
				2ACBBB511854166A0049A6B8 /* InfoPlist.strings */,
			);
			name = "Supporting Files";
			sourceTree = "<group>";
		};
/* End PBXGroup section */

/* Begin PBXNativeTarget section */
		2ACBBB251854166A0049A6B8 /* novel */ = {
			isa = PBXNativeTarget;
			buildConfigurationList = 2ACBBB581854166A0049A6B8 /* Build configuration list for PBXNativeTarget "novel" */;
			buildPhases = (
				2ACBBB221854166A0049A6B8 /* Sources */,
				2ACBBB231854166A0049A6B8 /* Frameworks */,
				2ACBBB241854166A0049A6B8 /* Resources */,
			);
			buildRules = (
			);
			dependencies = (
			);
			name = novel;
			productName = novel;
			productReference = 2ACBBB261854166A0049A6B8 /* novel.app */;
			productType = "com.apple.product-type.application";
		};
		2ACBBB461854166A0049A6B8 /* novelTests */ = {
			isa = PBXNativeTarget;
			buildConfigurationList = 2ACBBB5B1854166A0049A6B8 /* Build configuration list for PBXNativeTarget "novelTests" */;
			buildPhases = (
				2ACBBB431854166A0049A6B8 /* Sources */,
				2ACBBB441854166A0049A6B8 /* Frameworks */,
				2ACBBB451854166A0049A6B8 /* Resources */,
			);
			buildRules = (
			);
			dependencies = (
				2ACBBB4D1854166A0049A6B8 /* PBXTargetDependency */,
			);
			name = novelTests;
			productName = novelTests;
			productReference = 2ACBBB471854166A0049A6B8 /* novelTests.xctest */;
			productType = "com.apple.product-type.bundle.unit-test";
		};
/* End PBXNativeTarget section */

/* Begin PBXProject section */
		2ACBBB1E1854166A0049A6B8 /* Project object */ = {
			isa = PBXProject;
			attributes = {
				LastUpgradeCheck = 0500;
				ORGANIZATIONNAME = vip;
				TargetAttributes = {
					2ACBBB461854166A0049A6B8 = {
						TestTargetID = 2ACBBB251854166A0049A6B8;
					};
				};
			};
			buildConfigurationList = 2ACBBB211854166A0049A6B8 /* Build configuration list for PBXProject "novel" */;
			compatibilityVersion = "Xcode 3.2";
			developmentRegion = English;
			hasScannedForEncodings = 0;
			knownRegions = (
				en,
				Base,
			);
			mainGroup = 2ACBBB1D1854166A0049A6B8;
			productRefGroup = 2ACBBB271854166A0049A6B8 /* Products */;
			projectDirPath = "";
			projectRoot = "";
			targets = (
				2ACBBB251854166A0049A6B8 /* novel */,
				2ACBBB461854166A0049A6B8 /* novelTests */,
			);
		};
/* End PBXProject section */

/* Begin PBXResourcesBuildPhase section */
		2ACBBB241854166A0049A6B8 /* Resources */ = {
			isa = PBXResourcesBuildPhase;
			buildActionMask = 2147483647;
			files = (
				2ACBBB421854166A0049A6B8 /* Images.xcassets in Resources */,
				2ACBBB341854166A0049A6B8 /* InfoPlist.strings in Resources */,
				2ACBBB3D1854166A0049A6B8 /* Main.storyboard in Resources */,
			);
			runOnlyForDeploymentPostprocessing = 0;
		};
		2ACBBB451854166A0049A6B8 /* Resources */ = {
			isa = PBXResourcesBuildPhase;
			buildActionMask = 2147483647;
			files = (
				2ACBBB531854166A0049A6B8 /* InfoPlist.strings in Resources */,
			);
			runOnlyForDeploymentPostprocessing = 0;
		};
/* End PBXResourcesBuildPhase section */

/* Begin PBXSourcesBuildPhase section */
		2ACBBB221854166A0049A6B8 /* Sources */ = {
			isa = PBXSourcesBuildPhase;
			buildActionMask = 2147483647;
			files = (
				2ACBBB401854166A0049A6B8 /* ViewController.m in Sources */,
				2ACBBB3A1854166A0049A6B8 /* AppDelegate.m in Sources */,
				2ACBBB361854166A0049A6B8 /* main.m in Sources */,
			);
			runOnlyForDeploymentPostprocessing = 0;
		};
		2ACBBB431854166A0049A6B8 /* Sources */ = {
			isa = PBXSourcesBuildPhase;
			buildActionMask = 2147483647;
			files = (
				2ACBBB551854166A0049A6B8 /* novelTests.m in Sources */,
			);
			runOnlyForDeploymentPostprocessing = 0;
		};
/* End PBXSourcesBuildPhase section */

/* Begin PBXTargetDependency section */
		2ACBBB4D1854166A0049A6B8 /* PBXTargetDependency */ = {
			isa = PBXTargetDependency;
			target = 2ACBBB251854166A0049A6B8 /* novel */;
			targetProxy = 2ACBBB4C1854166A0049A6B8 /* PBXContainerItemProxy */;
		};
/* End PBXTargetDependency section */

/* Begin PBXVariantGroup section */
		2ACBBB321854166A0049A6B8 /* InfoPlist.strings */ = {
			isa = PBXVariantGroup;
			children = (
				2ACBBB331854166A0049A6B8 /* en */,
			);
			name = InfoPlist.strings;
			sourceTree = "<group>";
		};
		2ACBBB3B1854166A0049A6B8 /* Main.storyboard */ = {
			isa = PBXVariantGroup;
			children = (
				2ACBBB3C1854166A0049A6B8 /* Base */,
			);
			name = Main.storyboard;
			sourceTree = "<group>";
		};
		2ACBBB511854166A0049A6B8 /* InfoPlist.strings */ = {
			isa = PBXVariantGroup;
			children = (
				2ACBBB521854166A0049A6B8 /* en */,
			);
			name = InfoPlist.strings;
			sourceTree = "<group>";
		};
/* End PBXVariantGroup section */

/* Begin XCBuildConfiguration section */
		2ACBBB561854166A0049A6B8 /* Debug */ = {
			isa = XCBuildConfiguration;
			buildSettings = {
				ALWAYS_SEARCH_USER_PATHS = NO;
				ARCHS = "$(ARCHS_STANDARD_INCLUDING_64_BIT)";
				CLANG_CXX_LANGUAGE_STANDARD = "gnu++0x";
				CLANG_CXX_LIBRARY = "libc++";
				CLANG_ENABLE_MODULES = YES;
				CLANG_ENABLE_OBJC_ARC = YES;
				CLANG_WARN_BOOL_CONVERSION = YES;
				CLANG_WARN_CONSTANT_CONVERSION = YES;
				CLANG_WARN_DIRECT_OBJC_ISA_USAGE = YES_ERROR;
				CLANG_WARN_EMPTY_BODY = YES;
				CLANG_WARN_ENUM_CONVERSION = YES;
				CLANG_WARN_INT_CONVERSION = YES;
				CLANG_WARN_OBJC_ROOT_CLASS = YES_ERROR;
				CLANG_WARN__DUPLICATE_METHOD_MATCH = YES;
				"CODE_SIGN_IDENTITY[sdk=iphoneos*]" = "iPhone Developer";
				COPY_PHASE_STRIP = NO;
				GCC_C_LANGUAGE_STANDARD = gnu99;
				GCC_DYNAMIC_NO_PIC = NO;
				GCC_OPTIMIZATION_LEVEL = 0;
				GCC_PREPROCESSOR_DEFINITIONS = (
					"DEBUG=1",
					"$(inherited)",
				);
				GCC_SYMBOLS_PRIVATE_EXTERN = NO;
				GCC_WARN_64_TO_32_BIT_CONVERSION = YES;
				GCC_WARN_ABOUT_RETURN_TYPE = YES_ERROR;
				GCC_WARN_UNDECLARED_SELECTOR = YES;
				GCC_WARN_UNINITIALIZED_AUTOS = YES;
				GCC_WARN_UNUSED_FUNCTION = YES;
				GCC_WARN_UNUSED_VARIABLE = YES;
				IPHONEOS_DEPLOYMENT_TARGET = 7.0;
				ONLY_ACTIVE_ARCH = YES;
				SDKROOT = iphoneos;
			};
			name = Debug;
		};
		2ACBBB571854166A0049A6B8 /* Release */ = {
			isa = XCBuildConfiguration;
			buildSettings = {
				ALWAYS_SEARCH_USER_PATHS = NO;
				ARCHS = "$(ARCHS_STANDARD_INCLUDING_64_BIT)";
				CLANG_CXX_LANGUAGE_STANDARD = "gnu++0x";
				CLANG_CXX_LIBRARY = "libc++";
				CLANG_ENABLE_MODULES = YES;
				CLANG_ENABLE_OBJC_ARC = YES;
				CLANG_WARN_BOOL_CONVERSION = YES;
				CLANG_WARN_CONSTANT_CONVERSION = YES;
				CLANG_WARN_DIRECT_OBJC_ISA_USAGE = YES_ERROR;
				CLANG_WARN_EMPTY_BODY = YES;
				CLANG_WARN_ENUM_CONVERSION = YES;
				CLANG_WARN_INT_CONVERSION = YES;
				CLANG_WARN_OBJC_ROOT_CLASS = YES_ERROR;
				CLANG_WARN__DUPLICATE_METHOD_MATCH = YES;
				"CODE_SIGN_IDENTITY[sdk=iphoneos*]" = "iPhone Developer";
				COPY_PHASE_STRIP = YES;
				ENABLE_NS_ASSERTIONS = NO;
				GCC_C_LANGUAGE_STANDARD = gnu99;
				GCC_WARN_64_TO_32_BIT_CONVERSION = YES;
				GCC_WARN_ABOUT_RETURN_TYPE = YES_ERROR;
				GCC_WARN_UNDECLARED_SELECTOR = YES;
				GCC_WARN_UNINITIALIZED_AUTOS = YES;
				GCC_WARN_UNUSED_FUNCTION = YES;
				GCC_WARN_UNUSED_VARIABLE = YES;
				IPHONEOS_DEPLOYMENT_TARGET = 7.0;
				SDKROOT = iphoneos;
				VALIDATE_PRODUCT = YES;
			};
			name = Release;
		};
		2ACBBB591854166A0049A6B8 /* Debug */ = {
			isa = XCBuildConfiguration;
			buildSettings = {
				ASSETCATALOG_COMPILER_APPICON_NAME = AppIcon;
				ASSETCATALOG_COMPILER_LAUNCHIMAGE_NAME = LaunchImage;
				GCC_PRECOMPILE_PREFIX_HEADER = YES;
				GCC_PREFIX_HEADER = "novel/novel-Prefix.pch";
				INFOPLIST_FILE = "novel/novel-Info.plist";
				PRODUCT_NAME = "$(TARGET_NAME)";
				WRAPPER_EXTENSION = app;
			};
			name = Debug;
		};
		2ACBBB5A1854166A0049A6B8 /* Release */ = {
			isa = XCBuildConfiguration;
			buildSettings = {
				ASSETCATALOG_COMPILER_APPICON_NAME = AppIcon;
				ASSETCATALOG_COMPILER_LAUNCHIMAGE_NAME = LaunchImage;
				GCC_PRECOMPILE_PREFIX_HEADER = YES;
				GCC_PREFIX_HEADER = "novel/novel-Prefix.pch";
				INFOPLIST_FILE = "novel/novel-Info.plist";
				PRODUCT_NAME = "$(TARGET_NAME)";
				WRAPPER_EXTENSION = app;
			};
			name = Release;
		};
		2ACBBB5C1854166A0049A6B8 /* Debug */ = {
			isa = XCBuildConfiguration;
			buildSettings = {
				ARCHS = "$(ARCHS_STANDARD_INCLUDING_64_BIT)";
				BUNDLE_LOADER = "$(BUILT_PRODUCTS_DIR)/novel.app/novel";
				FRAMEWORK_SEARCH_PATHS = (
					"$(SDKROOT)/Developer/Library/Frameworks",
					"$(inherited)",
					"$(DEVELOPER_FRAMEWORKS_DIR)",
				);
				GCC_PRECOMPILE_PREFIX_HEADER = YES;
				GCC_PREFIX_HEADER = "novel/novel-Prefix.pch";
				GCC_PREPROCESSOR_DEFINITIONS = (
					"DEBUG=1",
					"$(inherited)",
				);
				INFOPLIST_FILE = "novelTests/novelTests-Info.plist";
				PRODUCT_NAME = "$(TARGET_NAME)";
				TEST_HOST = "$(BUNDLE_LOADER)";
				WRAPPER_EXTENSION = xctest;
			};
			name = Debug;
		};
		2ACBBB5D1854166A0049A6B8 /* Release */ = {
			isa = XCBuildConfiguration;
			buildSettings = {
				ARCHS = "$(ARCHS_STANDARD_INCLUDING_64_BIT)";
				BUNDLE_LOADER = "$(BUILT_PRODUCTS_DIR)/novel.app/novel";
				FRAMEWORK_SEARCH_PATHS = (
					"$(SDKROOT)/Developer/Library/Frameworks",
					"$(inherited)",
					"$(DEVELOPER_FRAMEWORKS_DIR)",
				);
				GCC_PRECOMPILE_PREFIX_HEADER = YES;
				GCC_PREFIX_HEADER = "novel/novel-Prefix.pch";
				INFOPLIST_FILE = "novelTests/novelTests-Info.plist";
				PRODUCT_NAME = "$(TARGET_NAME)";
				TEST_HOST = "$(BUNDLE_LOADER)";
				WRAPPER_EXTENSION = xctest;
			};
			name = Release;
		};
/* End XCBuildConfiguration section */

/* Begin XCConfigurationList section */
		2ACBBB211854166A0049A6B8 /* Build configuration list for PBXProject "novel" */ = {
			isa = XCConfigurationList;
			buildConfigurations = (
				2ACBBB561854166A0049A6B8 /* Debug */,
				2ACBBB571854166A0049A6B8 /* Release */,
			);
			defaultConfigurationIsVisible = 0;
			defaultConfigurationName = Release;
		};
		2ACBBB581854166A0049A6B8 /* Build configuration list for PBXNativeTarget "novel" */ = {
			isa = XCConfigurationList;
			buildConfigurations = (
				2ACBBB591854166A0049A6B8 /* Debug */,
				2ACBBB5A1854166A0049A6B8 /* Release */,
			);
			defaultConfigurationIsVisible = 0;
		};
		2ACBBB5B1854166A0049A6B8 /* Build configuration list for PBXNativeTarget "novelTests" */ = {
			isa = XCConfigurationList;
			buildConfigurations = (
				2ACBBB5C1854166A0049A6B8 /* Debug */,
				2ACBBB5D1854166A0049A6B8 /* Release */,
			);
			defaultConfigurationIsVisible = 0;
		};
/* End XCConfigurationList section */
	};
	rootObject = 2ACBBB1E1854166A0049A6B8 /* Project object */;
}
